
Microsoft Visual Studio Solution File, Format Version 12.00
# Visual Studio 14
VisualStudioVersion = 14.0.25123.0
MinimumVisualStudioVersion = 10.0.40219.1
Project("{FAE04EC0-301F-11D3-BF4B-00C04F79EFBC}") = "SimpleWhiteFixture", "SimpleWhiteFixture\SimpleWhiteFixture.csproj", "{20135ADD-A4DE-4126-B904-9CEA12AFD992}"
EndProject
Project("{FAE04EC0-301F-11D3-BF4B-00C04F79EFBC}") = "SimpleWhiteFixture.xUnit", "SimpleWhiteFixture.xUnit\SimpleWhiteFixture.xUnit.csproj", "{C3024485-4345-41CF-9041-AA5B1D1791C8}"
EndProject
Project("{FAE04EC0-301F-11D3-BF4B-00C04F79EFBC}") = "SimpleWhiteFixture.Example", "SimpleWhiteFixture.Example\SimpleWhiteFixture.Example.csproj", "{B8B17984-3CA6-474A-A16C-251972AFD801}"
EndProject
Project("{FAE04EC0-301F-11D3-BF4B-00C04F79EFBC}") = "SimpleWhiteFixture.Example.Tests", "SimpleWhiteFixture.Example.Tests\SimpleWhiteFixture.Example.Tests.csproj", "{27B5AD46-A8AA-444F-BF9A-0C51F0861FF7}"
EndProject
Global
	GlobalSection(SolutionConfigurationPlatforms) = preSolution
		Debug|Any CPU = Debug|Any CPU
		Release|Any CPU = Release|Any CPU
	EndGlobalSection
	GlobalSection(ProjectConfigurationPlatforms) = postSolution
		{20135ADD-A4DE-4126-B904-9CEA12AFD992}.Debug|Any CPU.ActiveCfg = Debug|Any CPU
		{20135ADD-A4DE-4126-B904-9CEA12AFD992}.Debug|Any CPU.Build.0 = Debug|Any CPU
		{20135ADD-A4DE-4126-B904-9CEA12AFD992}.Release|Any CPU.ActiveCfg = Release|Any CPU
		{20135ADD-A4DE-4126-B904-9CEA12AFD992}.Release|Any CPU.Build.0 = Release|Any CPU
		{C3024485-4345-41CF-9041-AA5B1D1791C8}.Debug|Any CPU.ActiveCfg = Debug|Any CPU
		{C3024485-4345-41CF-9041-AA5B1D1791C8}.Debug|Any CPU.Build.0 = Debug|Any CPU
		{C3024485-4345-41CF-9041-AA5B1D1791C8}.Release|Any CPU.ActiveCfg = Release|Any CPU
		{C3024485-4345-41CF-9041-AA5B1D1791C8}.Release|Any CPU.Build.0 = Release|Any CPU
		{B8B17984-3CA6-474A-A16C-251972AFD801}.Debug|Any CPU.ActiveCfg = Debug|Any CPU
		{B8B17984-3CA6-474A-A16C-251972AFD801}.Debug|Any CPU.Build.0 = Debug|Any CPU
		{B8B17984-3CA6-474A-A16C-251972AFD801}.Release|Any CPU.ActiveCfg = Release|Any CPU
		{B8B17984-3CA6-474A-A16C-251972AFD801}.Release|Any CPU.Build.0 = Release|Any CPU
		{27B5AD46-A8AA-444F-BF9A-0C51F0861FF7}.Debug|Any CPU.ActiveCfg = Debug|Any CPU
		{27B5AD46-A8AA-444F-BF9A-0C51F0861FF7}.Debug|Any CPU.Build.0 = Debug|Any CPU
		{27B5AD46-A8AA-444F-BF9A-0C51F0861FF7}.Release|Any CPU.ActiveCfg = Release|Any CPU
		{27B5AD46-A8AA-444F-BF9A-0C51F0861FF7}.Release|Any CPU.Build.0 = Release|Any CPU
	EndGlobalSection
	GlobalSection(SolutionProperties) = preSolution
		HideSolutionNode = FALSE
	EndGlobalSection
EndGlobal
